// !$*UTF8*$!
{
	archiveVersion = 1;
	classes = {
	};
	objectVersion = 46;
	objects = {

/* Begin PBXBuildFile section */
		2012363B1EA5DB7100B55DCB /* JYINAppDelegate.m in Sources */ = {isa = PBXBuildFile; fileRef = 201236391EA5DB7100B55DCB /* JYINAppDelegate.m */; };
		201236411EA5DC8200B55DCB /* JYINBaseViewController.m in Sources */ = {isa = PBXBuildFile; fileRef = 201236401EA5DC8200B55DCB /* JYINBaseViewController.m */; };
		201236441EA5DCAA00B55DCB /* JYINNavigationViewController.m in Sources */ = {isa = PBXBuildFile; fileRef = 201236431EA5DCAA00B55DCB /* JYINNavigationViewController.m */; };
		2012364A1EA5E0AA00B55DCB /* JYINShopLishtViewController.m in Sources */ = {isa = PBXBuildFile; fileRef = 201236491EA5E0AA00B55DCB /* JYINShopLishtViewController.m */; };
		201236511EA5EC3200B55DCB /* JYINShopTableViewCell.m in Sources */ = {isa = PBXBuildFile; fileRef = 201236501EA5EC3200B55DCB /* JYINShopTableViewCell.m */; };
		201236551EA5F02A00B55DCB /* CoreBluetooth.framework in Frameworks */ = {isa = PBXBuildFile; fileRef = 201236541EA5F02A00B55DCB /* CoreBluetooth.framework */; };
		201236571EA5F03400B55DCB /* CoreLocation.framework in Frameworks */ = {isa = PBXBuildFile; fileRef = 201236561EA5F03400B55DCB /* CoreLocation.framework */; };
		2012365A1EA5F06100B55DCB /* ScanBlueTooth.m in Sources */ = {isa = PBXBuildFile; fileRef = 201236591EA5F06100B55DCB /* ScanBlueTooth.m */; };
		2012365D1EA5F0DF00B55DCB /* NearbyPeripheralInfo.m in Sources */ = {isa = PBXBuildFile; fileRef = 2012365C1EA5F0DF00B55DCB /* NearbyPeripheralInfo.m */; };
		2047555B1EA5D7460025C83A /* main.m in Sources */ = {isa = PBXBuildFile; fileRef = 2047555A1EA5D7460025C83A /* main.m */; };
		204755661EA5D7460025C83A /* Assets.xcassets in Resources */ = {isa = PBXBuildFile; fileRef = 204755651EA5D7460025C83A /* Assets.xcassets */; };
		204755691EA5D7460025C83A /* LaunchScreen.storyboard in Resources */ = {isa = PBXBuildFile; fileRef = 204755671EA5D7460025C83A /* LaunchScreen.storyboard */; };
/* End PBXBuildFile section */

/* Begin PBXFileReference section */
		201236381EA5DB7100B55DCB /* JYINAppDelegate.h */ = {isa = PBXFileReference; fileEncoding = 4; lastKnownFileType = sourcecode.c.h; path = JYINAppDelegate.h; sourceTree = "<group>"; };
		201236391EA5DB7100B55DCB /* JYINAppDelegate.m */ = {isa = PBXFileReference; fileEncoding = 4; lastKnownFileType = sourcecode.c.objc; path = JYINAppDelegate.m; sourceTree = "<group>"; };
		2012363F1EA5DC8200B55DCB /* JYINBaseViewController.h */ = {isa = PBXFileReference; fileEncoding = 4; lastKnownFileType = sourcecode.c.h; path = JYINBaseViewController.h; sourceTree = "<group>"; };
		201236401EA5DC8200B55DCB /* JYINBaseViewController.m */ = {isa = PBXFileReference; fileEncoding = 4; lastKnownFileType = sourcecode.c.objc; path = JYINBaseViewController.m; sourceTree = "<group>"; };
		201236421EA5DCAA00B55DCB /* JYINNavigationViewController.h */ = {isa = PBXFileReference; fileEncoding = 4; lastKnownFileType = sourcecode.c.h; path = JYINNavigationViewController.h; sourceTree = "<group>"; };
		201236431EA5DCAA00B55DCB /* JYINNavigationViewController.m */ = {isa = PBXFileReference; fileEncoding = 4; lastKnownFileType = sourcecode.c.objc; path = JYINNavigationViewController.m; sourceTree = "<group>"; };
		201236481EA5E0AA00B55DCB /* JYINShopLishtViewController.h */ = {isa = PBXFileReference; fileEncoding = 4; lastKnownFileType = sourcecode.c.h; path = JYINShopLishtViewController.h; sourceTree = "<group>"; };
		201236491EA5E0AA00B55DCB /* JYINShopLishtViewController.m */ = {isa = PBXFileReference; fileEncoding = 4; lastKnownFileType = sourcecode.c.objc; path = JYINShopLishtViewController.m; sourceTree = "<group>"; };
		2012364B1EA5E7E300B55DCB /* JYINConst.h */ = {isa = PBXFileReference; fileEncoding = 4; lastKnownFileType = sourcecode.c.h; path = JYINConst.h; sourceTree = "<group>"; };
		2012364F1EA5EC3200B55DCB /* JYINShopTableViewCell.h */ = {isa = PBXFileReference; fileEncoding = 4; lastKnownFileType = sourcecode.c.h; path = JYINShopTableViewCell.h; sourceTree = "<group>"; };
		201236501EA5EC3200B55DCB /* JYINShopTableViewCell.m */ = {isa = PBXFileReference; fileEncoding = 4; lastKnownFileType = sourcecode.c.objc; path = JYINShopTableViewCell.m; sourceTree = "<group>"; };
		201236541EA5F02A00B55DCB /* CoreBluetooth.framework */ = {isa = PBXFileReference; lastKnownFileType = wrapper.framework; name = CoreBluetooth.framework; path = System/Library/Frameworks/CoreBluetooth.framework; sourceTree = SDKROOT; };
		201236561EA5F03400B55DCB /* CoreLocation.framework */ = {isa = PBXFileReference; lastKnownFileType = wrapper.framework; name = CoreLocation.framework; path = System/Library/Frameworks/CoreLocation.framework; sourceTree = SDKROOT; };
		201236581EA5F06100B55DCB /* ScanBlueTooth.h */ = {isa = PBXFileReference; fileEncoding = 4; lastKnownFileType = sourcecode.c.h; path = ScanBlueTooth.h; sourceTree = "<group>"; };
		201236591EA5F06100B55DCB /* ScanBlueTooth.m */ = {isa = PBXFileReference; fileEncoding = 4; lastKnownFileType = sourcecode.c.objc; path = ScanBlueTooth.m; sourceTree = "<group>"; };
		2012365B1EA5F0DF00B55DCB /* NearbyPeripheralInfo.h */ = {isa = PBXFileReference; fileEncoding = 4; lastKnownFileType = sourcecode.c.h; path = NearbyPeripheralInfo.h; sourceTree = "<group>"; };
		2012365C1EA5F0DF00B55DCB /* NearbyPeripheralInfo.m */ = {isa = PBXFileReference; fileEncoding = 4; lastKnownFileType = sourcecode.c.objc; path = NearbyPeripheralInfo.m; sourceTree = "<group>"; };
		204755561EA5D7460025C83A /* JYIndoorNavigation.app */ = {isa = PBXFileReference; explicitFileType = wrapper.application; includeInIndex = 0; path = JYIndoorNavigation.app; sourceTree = BUILT_PRODUCTS_DIR; };
		2047555A1EA5D7460025C83A /* main.m */ = {isa = PBXFileReference; lastKnownFileType = sourcecode.c.objc; path = main.m; sourceTree = "<group>"; };
		204755651EA5D7460025C83A /* Assets.xcassets */ = {isa = PBXFileReference; lastKnownFileType = folder.assetcatalog; path = Assets.xcassets; sourceTree = "<group>"; };
		204755681EA5D7460025C83A /* Base */ = {isa = PBXFileReference; lastKnownFileType = file.storyboard; name = Base; path = Base.lproj/LaunchScreen.storyboard; sourceTree = "<group>"; };
		2047556A1EA5D7460025C83A /* Info.plist */ = {isa = PBXFileReference; lastKnownFileType = text.plist.xml; path = Info.plist; sourceTree = "<group>"; };
/* End PBXFileReference section */

/* Begin PBXFrameworksBuildPhase section */
		204755531EA5D7460025C83A /* Frameworks */ = {
			isa = PBXFrameworksBuildPhase;
			buildActionMask = 2147483647;
			files = (
				201236571EA5F03400B55DCB /* CoreLocation.framework in Frameworks */,
				201236551EA5F02A00B55DCB /* CoreBluetooth.framework in Frameworks */,
			);
			runOnlyForDeploymentPostprocessing = 0;
		};
/* End PBXFrameworksBuildPhase section */

/* Begin PBXGroup section */
		201236341EA5DB7100B55DCB /* VIewController */ = {
			isa = PBXGroup;
			children = (
				2012363E1EA5DC6200B55DCB /* BaseVC */,
				201236481EA5E0AA00B55DCB /* JYINShopLishtViewController.h */,
				201236491EA5E0AA00B55DCB /* JYINShopLishtViewController.m */,
			);
			path = VIewController;
			sourceTree = "<group>";
		};
		201236371EA5DB7100B55DCB /* other */ = {
			isa = PBXGroup;
			children = (
				201236381EA5DB7100B55DCB /* JYINAppDelegate.h */,
				201236391EA5DB7100B55DCB /* JYINAppDelegate.m */,
				2012364B1EA5E7E300B55DCB /* JYINConst.h */,
			);
			path = other;
			sourceTree = "<group>";
		};
		2012363C1EA5DB8800B55DCB /* Model */ = {
			isa = PBXGroup;
			children = (
				2012365B1EA5F0DF00B55DCB /* NearbyPeripheralInfo.h */,
				2012365C1EA5F0DF00B55DCB /* NearbyPeripheralInfo.m */,
			);
			path = Model;
			sourceTree = "<group>";
		};
		2012363D1EA5DC1600B55DCB /* CoreAlgorithm */ = {
			isa = PBXGroup;
			children = (
				201236521EA5EDE000B55DCB /* Scan */,
			);
			path = CoreAlgorithm;
			sourceTree = "<group>";
		};
		2012363E1EA5DC6200B55DCB /* BaseVC */ = {
			isa = PBXGroup;
			children = (
				2012363F1EA5DC8200B55DCB /* JYINBaseViewController.h */,
				201236401EA5DC8200B55DCB /* JYINBaseViewController.m */,
				201236421EA5DCAA00B55DCB /* JYINNavigationViewController.h */,
				201236431EA5DCAA00B55DCB /* JYINNavigationViewController.m */,
			);
			path = BaseVC;
			sourceTree = "<group>";
		};
		2012364E1EA5EC1000B55DCB /* View */ = {
			isa = PBXGroup;
			children = (
				2012364F1EA5EC3200B55DCB /* JYINShopTableViewCell.h */,
				201236501EA5EC3200B55DCB /* JYINShopTableViewCell.m */,
			);
			path = View;
			sourceTree = "<group>";
		};
		201236521EA5EDE000B55DCB /* Scan */ = {
			isa = PBXGroup;
			children = (
				201236581EA5F06100B55DCB /* ScanBlueTooth.h */,
				201236591EA5F06100B55DCB /* ScanBlueTooth.m */,
			);
			path = Scan;
			sourceTree = "<group>";
		};
		201236531EA5F02A00B55DCB /* Frameworks */ = {
			isa = PBXGroup;
			children = (
				201236561EA5F03400B55DCB /* CoreLocation.framework */,
				201236541EA5F02A00B55DCB /* CoreBluetooth.framework */,
			);
			name = Frameworks;
			sourceTree = "<group>";
		};
		2047554D1EA5D7460025C83A = {
			isa = PBXGroup;
			children = (
				204755581EA5D7460025C83A /* JYIndoorNavigation */,
				204755571EA5D7460025C83A /* Products */,
				201236531EA5F02A00B55DCB /* Frameworks */,
			);
			sourceTree = "<group>";
		};
		204755571EA5D7460025C83A /* Products */ = {
			isa = PBXGroup;
			children = (
				204755561EA5D7460025C83A /* JYIndoorNavigation.app */,
			);
			name = Products;
			sourceTree = "<group>";
		};
		204755581EA5D7460025C83A /* JYIndoorNavigation */ = {
			isa = PBXGroup;
			children = (
				2012363D1EA5DC1600B55DCB /* CoreAlgorithm */,
				2012364E1EA5EC1000B55DCB /* View */,
				2012363C1EA5DB8800B55DCB /* Model */,
				201236341EA5DB7100B55DCB /* VIewController */,
				201236371EA5DB7100B55DCB /* other */,
				204755591EA5D7460025C83A /* Supporting Files */,
			);
			path = JYIndoorNavigation;
			sourceTree = "<group>";
		};
		204755591EA5D7460025C83A /* Supporting Files */ = {
			isa = PBXGroup;
			children = (
				2047556A1EA5D7460025C83A /* Info.plist */,
				204755651EA5D7460025C83A /* Assets.xcassets */,
				204755671EA5D7460025C83A /* LaunchScreen.storyboard */,
				2047555A1EA5D7460025C83A /* main.m */,
			);
			name = "Supporting Files";
			sourceTree = "<group>";
		};
/* End PBXGroup section */

/* Begin PBXNativeTarget section */
		204755551EA5D7460025C83A /* JYIndoorNavigation */ = {
			isa = PBXNativeTarget;
			buildConfigurationList = 2047556D1EA5D7460025C83A /* Build configuration list for PBXNativeTarget "JYIndoorNavigation" */;
			buildPhases = (
				204755521EA5D7460025C83A /* Sources */,
				204755531EA5D7460025C83A /* Frameworks */,
				204755541EA5D7460025C83A /* Resources */,
			);
			buildRules = (
			);
			dependencies = (
			);
			name = JYIndoorNavigation;
			productName = JYIndoorNavigation;
			productReference = 204755561EA5D7460025C83A /* JYIndoorNavigation.app */;
			productType = "com.apple.product-type.application";
		};
/* End PBXNativeTarget section */

/* Begin PBXProject section */
		2047554E1EA5D7460025C83A /* Project object */ = {
			isa = PBXProject;
			attributes = {
				LastUpgradeCheck = 0830;
				ORGANIZATIONNAME = chen_sy;
				TargetAttributes = {
					204755551EA5D7460025C83A = {
						CreatedOnToolsVersion = 8.3.1;
						DevelopmentTeam = F985AYB25B;
						ProvisioningStyle = Automatic;
					};
				};
			};
			buildConfigurationList = 204755511EA5D7460025C83A /* Build configuration list for PBXProject "JYIndoorNavigation" */;
			compatibilityVersion = "Xcode 3.2";
			developmentRegion = English;
			hasScannedForEncodings = 0;
			knownRegions = (
				en,
				Base,
			);
			mainGroup = 2047554D1EA5D7460025C83A;
			productRefGroup = 204755571EA5D7460025C83A /* Products */;
			projectDirPath = "";
			projectRoot = "";
			targets = (
				204755551EA5D7460025C83A /* JYIndoorNavigation */,
			);
		};
/* End PBXProject section */

/* Begin PBXResourcesBuildPhase section */
		204755541EA5D7460025C83A /* Resources */ = {
			isa = PBXResourcesBuildPhase;
			buildActionMask = 2147483647;
			files = (
				204755691EA5D7460025C83A /* LaunchScreen.storyboard in Resources */,
				204755661EA5D7460025C83A /* Assets.xcassets in Resources */,
			);
			runOnlyForDeploymentPostprocessing = 0;
		};
/* End PBXResourcesBuildPhase section */

/* Begin PBXSourcesBuildPhase section */
		204755521EA5D7460025C83A /* Sources */ = {
			isa = PBXSourcesBuildPhase;
			buildActionMask = 2147483647;
			files = (
				2012364A1EA5E0AA00B55DCB /* JYINShopLishtViewController.m in Sources */,
				201236511EA5EC3200B55DCB /* JYINShopTableViewCell.m in Sources */,
				2012365D1EA5F0DF00B55DCB /* NearbyPeripheralInfo.m in Sources */,
				201236411EA5DC8200B55DCB /* JYINBaseViewController.m in Sources */,
				2012365A1EA5F06100B55DCB /* ScanBlueTooth.m in Sources */,
				2012363B1EA5DB7100B55DCB /* JYINAppDelegate.m in Sources */,
				201236441EA5DCAA00B55DCB /* JYINNavigationViewController.m in Sources */,
				2047555B1EA5D7460025C83A /* main.m in Sources */,
			);
			runOnlyForDeploymentPostprocessing = 0;
		};
/* End PBXSourcesBuildPhase section */

/* Begin PBXVariantGroup section */
		204755671EA5D7460025C83A /* LaunchScreen.storyboard */ = {
			isa = PBXVariantGroup;
			children = (
				204755681EA5D7460025C83A /* Base */,
			);
			name = LaunchScreen.storyboard;
			sourceTree = "<group>";
		};
/* End PBXVariantGroup section */

/* Begin XCBuildConfiguration section */
		2047556B1EA5D7460025C83A /* Debug */ = {
			isa = XCBuildConfiguration;
			buildSettings = {
				ALWAYS_SEARCH_USER_PATHS = NO;
				CLANG_ANALYZER_NONNULL = YES;
				CLANG_ANALYZER_NUMBER_OBJECT_CONVERSION = YES_AGGRESSIVE;
				CLANG_CXX_LANGUAGE_STANDARD = "gnu++0x";
				CLANG_CXX_LIBRARY = "libc++";
				CLANG_ENABLE_MODULES = YES;
				CLANG_ENABLE_OBJC_ARC = YES;
				CLANG_WARN_BOOL_CONVERSION = YES;
				CLANG_WARN_CONSTANT_CONVERSION = YES;
				CLANG_WARN_DIRECT_OBJC_ISA_USAGE = YES_ERROR;
				CLANG_WARN_DOCUMENTATION_COMMENTS = YES;
				CLANG_WARN_EMPTY_BODY = YES;
				CLANG_WARN_ENUM_CONVERSION = YES;
				CLANG_WARN_INFINITE_RECURSION = YES;
				CLANG_WARN_INT_CONVERSION = YES;
				CLANG_WARN_OBJC_ROOT_CLASS = YES_ERROR;
				CLANG_WARN_SUSPICIOUS_MOVE = YES;
				CLANG_WARN_UNREACHABLE_CODE = YES;
				CLANG_WARN__DUPLICATE_METHOD_MATCH = YES;
				"CODE_SIGN_IDENTITY[sdk=iphoneos*]" = "iPhone Developer";
				COPY_PHASE_STRIP = NO;
				DEBUG_INFORMATION_FORMAT = dwarf;
				ENABLE_STRICT_OBJC_MSGSEND = YES;
				ENABLE_TESTABILITY = YES;
				GCC_C_LANGUAGE_STANDARD = gnu99;
				GCC_DYNAMIC_NO_PIC = NO;
				GCC_NO_COMMON_BLOCKS = YES;
				GCC_OPTIMIZATION_LEVEL = 0;
				GCC_PREPROCESSOR_DEFINITIONS = (
					"DEBUG=1",
					"$(inherited)",
				);
				GCC_WARN_64_TO_32_BIT_CONVERSION = YES;
				GCC_WARN_ABOUT_RETURN_TYPE = YES_ERROR;
				GCC_WARN_UNDECLARED_SELECTOR = YES;
				GCC_WARN_UNINITIALIZED_AUTOS = YES_AGGRESSIVE;
				GCC_WARN_UNUSED_FUNCTION = YES;
				GCC_WARN_UNUSED_VARIABLE = YES;
				IPHONEOS_DEPLOYMENT_TARGET = 10.3;
				MTL_ENABLE_DEBUG_INFO = YES;
				ONLY_ACTIVE_ARCH = YES;
				SDKROOT = iphoneos;
			};
			name = Debug;
		};
		2047556C1EA5D7460025C83A /* Release */ = {
			isa = XCBuildConfiguration;
			buildSettings = {
				ALWAYS_SEARCH_USER_PATHS = NO;
				CLANG_ANALYZER_NONNULL = YES;
				CLANG_ANALYZER_NUMBER_OBJECT_CONVERSION = YES_AGGRESSIVE;
				CLANG_CXX_LANGUAGE_STANDARD = "gnu++0x";
				CLANG_CXX_LIBRARY = "libc++";
				CLANG_ENABLE_MODULES = YES;
				CLANG_ENABLE_OBJC_ARC = YES;
				CLANG_WARN_BOOL_CONVERSION = YES;
				CLANG_WARN_CONSTANT_CONVERSION = YES;
				CLANG_WARN_DIRECT_OBJC_ISA_USAGE = YES_ERROR;
				CLANG_WARN_DOCUMENTATION_COMMENTS = YES;
				CLANG_WARN_EMPTY_BODY = YES;
				CLANG_WARN_ENUM_CONVERSION = YES;
				CLANG_WARN_INFINITE_RECURSION = YES;
				CLANG_WARN_INT_CONVERSION = YES;
				CLANG_WARN_OBJC_ROOT_CLASS = YES_ERROR;
				CLANG_WARN_SUSPICIOUS_MOVE = YES;
				CLANG_WARN_UNREACHABLE_CODE = YES;
				CLANG_WARN__DUPLICATE_METHOD_MATCH = YES;
				"CODE_SIGN_IDENTITY[sdk=iphoneos*]" = "iPhone Developer";
				COPY_PHASE_STRIP = NO;
				DEBUG_INFORMATION_FORMAT = "dwarf-with-dsym";
				ENABLE_NS_ASSERTIONS = NO;
				ENABLE_STRICT_OBJC_MSGSEND = YES;
				GCC_C_LANGUAGE_STANDARD = gnu99;
				GCC_NO_COMMON_BLOCKS = YES;
				GCC_WARN_64_TO_32_BIT_CONVERSION = YES;
				GCC_WARN_ABOUT_RETURN_TYPE = YES_ERROR;
				GCC_WARN_UNDECLARED_SELECTOR = YES;
				GCC_WARN_UNINITIALIZED_AUTOS = YES_AGGRESSIVE;
				GCC_WARN_UNUSED_FUNCTION = YES;
				GCC_WARN_UNUSED_VARIABLE = YES;
				IPHONEOS_DEPLOYMENT_TARGET = 10.3;
				MTL_ENABLE_DEBUG_INFO = NO;
				SDKROOT = iphoneos;
				VALIDATE_PRODUCT = YES;
			};
			name = Release;
		};
		2047556E1EA5D7460025C83A /* Debug */ = {
			isa = XCBuildConfiguration;
			buildSettings = {
				ASSETCATALOG_COMPILER_APPICON_NAME = AppIcon;
				DEVELOPMENT_TEAM = F985AYB25B;
				INFOPLIST_FILE = JYIndoorNavigation/Info.plist;
				IPHONEOS_DEPLOYMENT_TARGET = 8.0;
				LD_RUNPATH_SEARCH_PATHS = "$(inherited) @executable_path/Frameworks";
				PRODUCT_BUNDLE_IDENTIFIER = "chen-sy.JYIndoorNavigation";
				PRODUCT_NAME = "$(TARGET_NAME)";
			};
			name = Debug;
		};
		2047556F1EA5D7460025C83A /* Release */ = {
			isa = XCBuildConfiguration;
			buildSettings = {
				ASSETCATALOG_COMPILER_APPICON_NAME = AppIcon;
				DEVELOPMENT_TEAM = F985AYB25B;
				INFOPLIST_FILE = JYIndoorNavigation/Info.plist;
				IPHONEOS_DEPLOYMENT_TARGET = 8.0;
				LD_RUNPATH_SEARCH_PATHS = "$(inherited) @executable_path/Frameworks";
				PRODUCT_BUNDLE_IDENTIFIER = "chen-sy.JYIndoorNavigation";
				PRODUCT_NAME = "$(TARGET_NAME)";
			};
			name = Release;
		};
/* End XCBuildConfiguration section */

/* Begin XCConfigurationList section */
		204755511EA5D7460025C83A /* Build configuration list for PBXProject "JYIndoorNavigation" */ = {
			isa = XCConfigurationList;
			buildConfigurations = (
				2047556B1EA5D7460025C83A /* Debug */,
				2047556C1EA5D7460025C83A /* Release */,
			);
			defaultConfigurationIsVisible = 0;
			defaultConfigurationName = Release;
		};
		2047556D1EA5D7460025C83A /* Build configuration list for PBXNativeTarget "JYIndoorNavigation" */ = {
			isa = XCConfigurationList;
			buildConfigurations = (
				2047556E1EA5D7460025C83A /* Debug */,
				2047556F1EA5D7460025C83A /* Release */,
			);
			defaultConfigurationIsVisible = 0;
			defaultConfigurationName = Release;
		};
/* End XCConfigurationList section */
	};
	rootObject = 2047554E1EA5D7460025C83A /* Project object */;
}
